
Microsoft Visual Studio Solution File, Format Version 12.00
# Visual Studio Version 16
VisualStudioVersion = 16.0.29926.136
MinimumVisualStudioVersion = 10.0.40219.1
Project("{888888A0-9F3D-457C-B088-3A5042F75D52}") = "IESB-AA-POO", "IESB-AA-POO\IESB-AA-POO.pyproj", "{63B56FCD-53DE-4A90-8EA2-CE28BEA7E04D}"
EndProject
Global
	GlobalSection(SolutionConfigurationPlatforms) = preSolution
		Debug|Any CPU = Debug|Any CPU
		Release|Any CPU = Release|Any CPU
	EndGlobalSection
	GlobalSection(ProjectConfigurationPlatforms) = postSolution
		{63B56FCD-53DE-4A90-8EA2-CE28BEA7E04D}.Debug|Any CPU.ActiveCfg = Debug|Any CPU
		{63B56FCD-53DE-4A90-8EA2-CE28BEA7E04D}.Release|Any CPU.ActiveCfg = Release|Any CPU
	EndGlobalSection
	GlobalSection(SolutionProperties) = preSolution
		HideSolutionNode = FALSE
	EndGlobalSection
	GlobalSection(ExtensibilityGlobals) = postSolution
		SolutionGuid = {3210EFEF-5254-4B96-98AA-00C592805D38}
	EndGlobalSection
EndGlobal
